
Microsoft Visual Studio Solution File, Format Version 12.00
# Visual Studio 14
VisualStudioVersion = 14.0.23107.0
MinimumVisualStudioVersion = 10.0.40219.1
Project("{FAE04EC0-301F-11D3-BF4B-00C04F79EFBC}") = "GSR.Domain", "GSR.Domain\GSR.Domain.csproj", "{FC0F0202-65EE-45A6-861F-A61972FA97DD}"
EndProject
Project("{FAE04EC0-301F-11D3-BF4B-00C04F79EFBC}") = "GSR.Interfaces", "GSR.Interfaces\GSR.Interfaces.csproj", "{40C3754D-649B-47C9-87C7-5DA46AC84BEB}"
EndProject
Project("{FAE04EC0-301F-11D3-BF4B-00C04F79EFBC}") = "GSR.Common", "GSR.Common\GSR.Common.csproj", "{C09A7382-3615-4F1F-8B74-0A188D27E9C5}"
EndProject
Project("{FAE04EC0-301F-11D3-BF4B-00C04F79EFBC}") = "GSR.API", "GSR.API\GSR.API.csproj", "{1B735423-CE9F-4F59-91D6-5D5865841C1E}"
EndProject
Project("{2150E333-8FDC-42A3-9474-1A3956D46DE8}") = "Tests", "Tests", "{B2D09CDA-339D-4FF0-8429-8E35673AC1E2}"
EndProject
Project("{2150E333-8FDC-42A3-9474-1A3956D46DE8}") = "Modules", "Modules", "{D46DAEFD-BC7C-4948-AC56-BEC16B334D89}"
EndProject
Project("{FAE04EC0-301F-11D3-BF4B-00C04F79EFBC}") = "GSR.DataRepositories", "GSR.DataRepositories\GSR.DataRepositories.csproj", "{A4D68E4A-5DAB-4F2F-800C-9716BF60280C}"
EndProject
Project("{FAE04EC0-301F-11D3-BF4B-00C04F79EFBC}") = "DomainTests", "DomainTests\DomainTests.csproj", "{C6ADCD98-9798-4D26-B275-7A9A0BDF633B}"
EndProject
Project("{FAE04EC0-301F-11D3-BF4B-00C04F79EFBC}") = "GSR.Metrics", "GSR.Metrics\GSR.Metrics.csproj", "{07FBCAB5-16DB-4F92-8537-3205E929C16C}"
EndProject
Global
	GlobalSection(SolutionConfigurationPlatforms) = preSolution
		Debug|Any CPU = Debug|Any CPU
		Release|Any CPU = Release|Any CPU
	EndGlobalSection
	GlobalSection(ProjectConfigurationPlatforms) = postSolution
		{FC0F0202-65EE-45A6-861F-A61972FA97DD}.Debug|Any CPU.ActiveCfg = Debug|Any CPU
		{FC0F0202-65EE-45A6-861F-A61972FA97DD}.Debug|Any CPU.Build.0 = Debug|Any CPU
		{FC0F0202-65EE-45A6-861F-A61972FA97DD}.Release|Any CPU.ActiveCfg = Release|Any CPU
		{FC0F0202-65EE-45A6-861F-A61972FA97DD}.Release|Any CPU.Build.0 = Release|Any CPU
		{40C3754D-649B-47C9-87C7-5DA46AC84BEB}.Debug|Any CPU.ActiveCfg = Debug|Any CPU
		{40C3754D-649B-47C9-87C7-5DA46AC84BEB}.Debug|Any CPU.Build.0 = Debug|Any CPU
		{40C3754D-649B-47C9-87C7-5DA46AC84BEB}.Release|Any CPU.ActiveCfg = Release|Any CPU
		{40C3754D-649B-47C9-87C7-5DA46AC84BEB}.Release|Any CPU.Build.0 = Release|Any CPU
		{C09A7382-3615-4F1F-8B74-0A188D27E9C5}.Debug|Any CPU.ActiveCfg = Debug|Any CPU
		{C09A7382-3615-4F1F-8B74-0A188D27E9C5}.Debug|Any CPU.Build.0 = Debug|Any CPU
		{C09A7382-3615-4F1F-8B74-0A188D27E9C5}.Release|Any CPU.ActiveCfg = Release|Any CPU
		{C09A7382-3615-4F1F-8B74-0A188D27E9C5}.Release|Any CPU.Build.0 = Release|Any CPU
		{1B735423-CE9F-4F59-91D6-5D5865841C1E}.Debug|Any CPU.ActiveCfg = Debug|Any CPU
		{1B735423-CE9F-4F59-91D6-5D5865841C1E}.Debug|Any CPU.Build.0 = Debug|Any CPU
		{1B735423-CE9F-4F59-91D6-5D5865841C1E}.Release|Any CPU.ActiveCfg = Release|Any CPU
		{1B735423-CE9F-4F59-91D6-5D5865841C1E}.Release|Any CPU.Build.0 = Release|Any CPU
		{A4D68E4A-5DAB-4F2F-800C-9716BF60280C}.Debug|Any CPU.ActiveCfg = Debug|Any CPU
		{A4D68E4A-5DAB-4F2F-800C-9716BF60280C}.Debug|Any CPU.Build.0 = Debug|Any CPU
		{A4D68E4A-5DAB-4F2F-800C-9716BF60280C}.Release|Any CPU.ActiveCfg = Release|Any CPU
		{A4D68E4A-5DAB-4F2F-800C-9716BF60280C}.Release|Any CPU.Build.0 = Release|Any CPU
		{C6ADCD98-9798-4D26-B275-7A9A0BDF633B}.Debug|Any CPU.ActiveCfg = Debug|Any CPU
		{C6ADCD98-9798-4D26-B275-7A9A0BDF633B}.Debug|Any CPU.Build.0 = Debug|Any CPU
		{C6ADCD98-9798-4D26-B275-7A9A0BDF633B}.Release|Any CPU.ActiveCfg = Release|Any CPU
		{C6ADCD98-9798-4D26-B275-7A9A0BDF633B}.Release|Any CPU.Build.0 = Release|Any CPU
		{07FBCAB5-16DB-4F92-8537-3205E929C16C}.Debug|Any CPU.ActiveCfg = Debug|Any CPU
		{07FBCAB5-16DB-4F92-8537-3205E929C16C}.Debug|Any CPU.Build.0 = Debug|Any CPU
		{07FBCAB5-16DB-4F92-8537-3205E929C16C}.Release|Any CPU.ActiveCfg = Release|Any CPU
		{07FBCAB5-16DB-4F92-8537-3205E929C16C}.Release|Any CPU.Build.0 = Release|Any CPU
	EndGlobalSection
	GlobalSection(SolutionProperties) = preSolution
		HideSolutionNode = FALSE
	EndGlobalSection
	GlobalSection(NestedProjects) = preSolution
		{A4D68E4A-5DAB-4F2F-800C-9716BF60280C} = {D46DAEFD-BC7C-4948-AC56-BEC16B334D89}
		{C6ADCD98-9798-4D26-B275-7A9A0BDF633B} = {B2D09CDA-339D-4FF0-8429-8E35673AC1E2}
		{07FBCAB5-16DB-4F92-8537-3205E929C16C} = {D46DAEFD-BC7C-4948-AC56-BEC16B334D89}
	EndGlobalSection
EndGlobal
